
Microsoft Visual Studio Solution File, Format Version 12.00
# Visual Studio Version 17
VisualStudioVersion = 17.7.34031.279
MinimumVisualStudioVersion = 10.0.40219.1
Project("{8BC9CEB8-8B4A-11D0-8D11-00A0C91BC942}") = "2dEC", "2dEC.vcxproj", "{338B758C-9642-4854-A1AA-4F3DB2BAABC7}"
EndProject
Global
	GlobalSection(SolutionConfigurationPlatforms) = preSolution
		Debug|x64 = Debug|x64
		Debug|x86 = Debug|x86
		Release|x64 = Release|x64
		Release|x86 = Release|x86
	EndGlobalSection
	GlobalSection(ProjectConfigurationPlatforms) = postSolution
		{338B758C-9642-4854-A1AA-4F3DB2BAABC7}.Debug|x64.ActiveCfg = Debug|x64
		{338B758C-9642-4854-A1AA-4F3DB2BAABC7}.Debug|x64.Build.0 = Debug|x64
		{338B758C-9642-4854-A1AA-4F3DB2BAABC7}.Debug|x86.ActiveCfg = Debug|Win32
		{338B758C-9642-4854-A1AA-4F3DB2BAABC7}.Debug|x86.Build.0 = Debug|Win32
		{338B758C-9642-4854-A1AA-4F3DB2BAABC7}.Release|x64.ActiveCfg = Release|x64
		{338B758C-9642-4854-A1AA-4F3DB2BAABC7}.Release|x64.Build.0 = Release|x64
		{338B758C-9642-4854-A1AA-4F3DB2BAABC7}.Release|x86.ActiveCfg = Release|Win32
		{338B758C-9642-4854-A1AA-4F3DB2BAABC7}.Release|x86.Build.0 = Release|Win32
	EndGlobalSection
	GlobalSection(SolutionProperties) = preSolution
		HideSolutionNode = FALSE
	EndGlobalSection
	GlobalSection(ExtensibilityGlobals) = postSolution
		SolutionGuid = {9B684AB6-4D8F-495F-9888-A7645F0DF8CE}
	EndGlobalSection
EndGlobal
